
Microsoft Visual Studio Solution File, Format Version 12.00
# Visual Studio Version 17
VisualStudioVersion = 17.7.34202.233
MinimumVisualStudioVersion = 10.0.40219.1
Project("{9A19103F-16F7-4668-BE54-9A1E7A4F7556}") = "FinanceTransactionApi", "FinanceTransactionApi\FinanceTransactionApi.csproj", "{6E2F595E-8E29-47C0-8162-382C42C02D73}"
EndProject
Project("{9A19103F-16F7-4668-BE54-9A1E7A4F7556}") = "FinanceTransactionApi.Test", "FinanceTransactionApi.Test\FinanceTransactionApi.Test.csproj", "{179D8B5B-1B9A-46B9-8BA7-9B7BF83DB7C6}"
EndProject
Project("{2150E333-8FDC-42A3-9474-1A3956D46DE8}") = "Solution Items", "Solution Items", "{0D340967-8B60-417F-B9E6-350FC74135D5}"
	ProjectSection(SolutionItems) = preProject
		README.md = README.md
	EndProjectSection
EndProject
Global
	GlobalSection(SolutionConfigurationPlatforms) = preSolution
		Debug|Any CPU = Debug|Any CPU
		Release|Any CPU = Release|Any CPU
	EndGlobalSection
	GlobalSection(ProjectConfigurationPlatforms) = postSolution
		{6E2F595E-8E29-47C0-8162-382C42C02D73}.Debug|Any CPU.ActiveCfg = Debug|Any CPU
		{6E2F595E-8E29-47C0-8162-382C42C02D73}.Debug|Any CPU.Build.0 = Debug|Any CPU
		{6E2F595E-8E29-47C0-8162-382C42C02D73}.Release|Any CPU.ActiveCfg = Release|Any CPU
		{6E2F595E-8E29-47C0-8162-382C42C02D73}.Release|Any CPU.Build.0 = Release|Any CPU
		{179D8B5B-1B9A-46B9-8BA7-9B7BF83DB7C6}.Debug|Any CPU.ActiveCfg = Debug|Any CPU
		{179D8B5B-1B9A-46B9-8BA7-9B7BF83DB7C6}.Debug|Any CPU.Build.0 = Debug|Any CPU
		{179D8B5B-1B9A-46B9-8BA7-9B7BF83DB7C6}.Release|Any CPU.ActiveCfg = Release|Any CPU
		{179D8B5B-1B9A-46B9-8BA7-9B7BF83DB7C6}.Release|Any CPU.Build.0 = Release|Any CPU
	EndGlobalSection
	GlobalSection(SolutionProperties) = preSolution
		HideSolutionNode = FALSE
	EndGlobalSection
	GlobalSection(ExtensibilityGlobals) = postSolution
		SolutionGuid = {1A4459D2-17BD-4A96-99F1-088A1778F786}
	EndGlobalSection
EndGlobal
